<?xml version="1.0" encoding="utf-8"?>
<Project ToolsVersion="4.0" xmlns="http://schemas.microsoft.com/developer/msbuild/2003">
  <ItemGroup>
    <Filter Include="Source Files">
      <UniqueIdentifier>{4FC737F1-C7A5-4376-A066-2A32D752A2FF}</UniqueIdentifier>
      <Extensions>cpp;c;cc;cxx;c++;cppm;ixx;def;odl;idl;hpj;bat;asm;asmx</Extensions>
    </Filter>
    <Filter Include="Header Files">
      <UniqueIdentifier>{93995380-89BD-4b04-88EB-625FBE52EBFB}</UniqueIdentifier>
      <Extensions>h;hh;hpp;hxx;h++;hm;inl;inc;ipp;xsd</Extensions>
    </Filter>
    <Filter Include="Resource Files">
      <UniqueIdentifier>{67DA6AB6-F800-4c08-8B7A-83BB121AAD01}</UniqueIdentifier>
      <Extensions>rc;ico;cur;bmp;dlg;rc2;rct;bin;rgs;gif;jpg;jpeg;jpe;resx;tiff;tif;png;wav;mfcribbon-ms</Extensions>
    </Filter>
    <Filter Include="Assets">
      <UniqueIdentifier>{a51d7198-e251-4366-8fec-f533bced0770}</UniqueIdentifier>
    </Filter>
    <Filter Include="SpriteGame">
      <UniqueIdentifier>{70cac52d-7925-4745-94fd-27d8685fe4b6}</UniqueIdentifier>
    </Filter>
    <Filter Include="SpaceGame">
      <UniqueIdentifier>{c31d1085-29df-4223-b246-78d767f38fd4}</UniqueIdentifier>
    </Filter>
  </ItemGroup>
  <ItemGroup>
    <ClCompile Include="Assets.cpp">
      <Filter>Source Files</Filter>
    </ClCompile>
    <ClCompile Include="SpriteGame\PlayerController.cpp">
      <Filter>SpriteGame</Filter>
    </ClCompile>
    <ClCompile Include="SpriteGame\EnemyController.cpp">
      <Filter>SpriteGame</Filter>
    </ClCompile>
    <ClCompile Include="SpriteGame\Damager.cpp">
      <Filter>SpriteGame</Filter>
    </ClCompile>
    <ClCompile Include="SpriteGame\CharacterBase.cpp">
      <Filter>SpriteGame</Filter>
    </ClCompile>
    <ClCompile Include="Main.cpp" />
    <ClCompile Include="SpaceGame\Bullet.cpp">
      <Filter>SpaceGame</Filter>
    </ClCompile>
    <ClCompile Include="SpaceGame\Enemy.cpp">
      <Filter>SpaceGame</Filter>
    </ClCompile>
    <ClCompile Include="SpaceGame\Player.cpp">
      <Filter>SpaceGame</Filter>
    </ClCompile>
    <ClCompile Include="SpaceGame\SpaceGame.cpp">
      <Filter>SpaceGame</Filter>
    </ClCompile>
    <ClCompile Include="SpriteGame\SpriteGame.cpp">
      <Filter>SpriteGame</Filter>
    </ClCompile>
  </ItemGroup>
  <ItemGroup>
    <ClInclude Include="Assets.h">
      <Filter>Header Files</Filter>
    </ClInclude>
    <ClInclude Include="SpriteGame\PlayerController.h">
      <Filter>SpriteGame</Filter>
    </ClInclude>
    <ClInclude Include="SpriteGame\EnemyController.h">
      <Filter>SpriteGame</Filter>
    </ClInclude>
    <ClInclude Include="SpriteGame\CharacterBase.h">
      <Filter>SpriteGame</Filter>
    </ClInclude>
    <ClInclude Include="SpriteGame\Damager.h">
      <Filter>SpriteGame</Filter>
    </ClInclude>
    <ClInclude Include="SpaceGame\Bullet.h">
      <Filter>SpaceGame</Filter>
    </ClInclude>
    <ClInclude Include="SpaceGame\Enemy.h">
      <Filter>SpaceGame</Filter>
    </ClInclude>
    <ClInclude Include="SpaceGame\Player.h">
      <Filter>SpaceGame</Filter>
    </ClInclude>
    <ClInclude Include="SpaceGame\SpaceGame.h">
      <Filter>SpaceGame</Filter>
    </ClInclude>
    <ClInclude Include="SpriteGame\SpriteGame.h">
      <Filter>SpriteGame</Filter>
    </ClInclude>
  </ItemGroup>
  <ItemGroup>
    <None Include="..\Build\Assets\Data\scene.json">
      <Filter>Resource Files</Filter>
    </None>
    <None Include="..\Build\Assets\Tilemaps\world.json">
      <Filter>Resource Files</Filter>
    </None>
    <None Include="..\Build\Assets\Animation\bat_idle.json">
      <Filter>Assets</Filter>
    </None>
  </ItemGroup>
</Project>