<?xml version="1.0" encoding="utf-8"?>
<Project ToolsVersion="4.0" xmlns="http://schemas.microsoft.com/developer/msbuild/2003">
  <ItemGroup>
    <Filter Include="Source Files">
      <UniqueIdentifier>{4FC737F1-C7A5-4376-A066-2A32D752A2FF}</UniqueIdentifier>
      <Extensions>cpp;c;cc;cxx;c++;cppm;ixx;def;odl;idl;hpj;bat;asm;asmx</Extensions>
    </Filter>
    <Filter Include="Header Files">
      <UniqueIdentifier>{93995380-89BD-4b04-88EB-625FBE52EBFB}</UniqueIdentifier>
      <Extensions>h;hh;hpp;hxx;h++;hm;inl;inc;ipp;xsd</Extensions>
    </Filter>
    <Filter Include="Resource Files">
      <UniqueIdentifier>{67DA6AB6-F800-4c08-8B7A-83BB121AAD01}</UniqueIdentifier>
      <Extensions>rc;ico;cur;bmp;dlg;rc2;rct;bin;rgs;gif;jpg;jpeg;jpe;resx;tiff;tif;png;wav;mfcribbon-ms</Extensions>
    </Filter>
    <Filter Include="Components">
      <UniqueIdentifier>{de6f0d77-8f5d-4609-a08c-2de7b234471c}</UniqueIdentifier>
    </Filter>
    <Filter Include="Math">
      <UniqueIdentifier>{9735f1de-49d3-489f-8be0-b71f6c20fb5a}</UniqueIdentifier>
    </Filter>
    <Filter Include="Renderer">
      <UniqueIdentifier>{4886a9e8-2478-4dc4-8fa1-edd1f3cc0307}</UniqueIdentifier>
    </Filter>
    <Filter Include="Physics">
      <UniqueIdentifier>{176b4eb1-ec44-4b7e-b8e3-f938a81d3378}</UniqueIdentifier>
    </Filter>
    <Filter Include="Serialization">
      <UniqueIdentifier>{007fbe63-b3a7-4d55-bba5-8be945b4ba27}</UniqueIdentifier>
    </Filter>
    <Filter Include="Audio">
      <UniqueIdentifier>{d1bd8041-6d82-429f-bed3-6f0852235ee1}</UniqueIdentifier>
    </Filter>
    <Filter Include="Core">
      <UniqueIdentifier>{7a563af7-2ac2-4fca-81e5-0d16c6b5f30f}</UniqueIdentifier>
    </Filter>
    <Filter Include="Framework">
      <UniqueIdentifier>{088daec2-268b-4740-869a-b31930768e86}</UniqueIdentifier>
    </Filter>
    <Filter Include="Input">
      <UniqueIdentifier>{81ddb488-1d2e-435a-ad12-0feed90f7d73}</UniqueIdentifier>
    </Filter>
    <Filter Include="Resources">
      <UniqueIdentifier>{f733be18-de8e-4280-b832-a000609aabfb}</UniqueIdentifier>
    </Filter>
  </ItemGroup>
  <ItemGroup>
    <ClInclude Include="framework.h">
      <Filter>Header Files</Filter>
    </ClInclude>
    <ClInclude Include="pch.h">
      <Filter>Header Files</Filter>
    </ClInclude>
    <ClInclude Include="Engine.h">
      <Filter>Header Files</Filter>
    </ClInclude>
    <ClInclude Include="Component.h">
      <Filter>Header Files</Filter>
    </ClInclude>
    <ClInclude Include="Components\RendererComponent.h">
      <Filter>Components</Filter>
    </ClInclude>
    <ClInclude Include="Components\ColliderComponent.h">
      <Filter>Components</Filter>
    </ClInclude>
    <ClInclude Include="Components\CircleColliderComponent.h">
      <Filter>Components</Filter>
    </ClInclude>
    <ClInclude Include="Math\MathUtils.h">
      <Filter>Math</Filter>
    </ClInclude>
    <ClInclude Include="Math\Transform.h">
      <Filter>Math</Filter>
    </ClInclude>
    <ClInclude Include="Math\Vector2.h">
      <Filter>Math</Filter>
    </ClInclude>
    <ClInclude Include="Math\Vector3.h">
      <Filter>Math</Filter>
    </ClInclude>
    <ClInclude Include="Math\Rect.h">
      <Filter>Math</Filter>
    </ClInclude>
    <ClInclude Include="Renderer\TextureFrames.h">
      <Filter>Renderer</Filter>
    </ClInclude>
    <ClInclude Include="Physics\Physcs.h">
      <Filter>Physics</Filter>
    </ClInclude>
    <ClInclude Include="Serialization\Json.h">
      <Filter>Serialization</Filter>
    </ClInclude>
    <ClInclude Include="Renderer\Renderer.h">
      <Filter>Renderer</Filter>
    </ClInclude>
    <ClInclude Include="Renderer\Font.h">
      <Filter>Renderer</Filter>
    </ClInclude>
    <ClInclude Include="Renderer\Mesh.h">
      <Filter>Renderer</Filter>
    </ClInclude>
    <ClInclude Include="Renderer\Model.h">
      <Filter>Renderer</Filter>
    </ClInclude>
    <ClInclude Include="Renderer\ParticleSystem.h">
      <Filter>Renderer</Filter>
    </ClInclude>
    <ClInclude Include="Renderer\Text.h">
      <Filter>Renderer</Filter>
    </ClInclude>
    <ClInclude Include="Renderer\Texture.h">
      <Filter>Renderer</Filter>
    </ClInclude>
    <ClInclude Include="Audio\Audio.h">
      <Filter>Audio</Filter>
    </ClInclude>
    <ClInclude Include="Core\Factory.h">
      <Filter>Core</Filter>
    </ClInclude>
    <ClInclude Include="Core\File.h">
      <Filter>Core</Filter>
    </ClInclude>
    <ClInclude Include="Core\GameTime.h">
      <Filter>Core</Filter>
    </ClInclude>
    <ClInclude Include="Core\Random.h">
      <Filter>Core</Filter>
    </ClInclude>
    <ClInclude Include="Core\Singleton.h">
      <Filter>Core</Filter>
    </ClInclude>
    <ClInclude Include="Core\StringUtils.h">
      <Filter>Core</Filter>
    </ClInclude>
    <ClInclude Include="Framework\Actor.h">
      <Filter>Framework</Filter>
    </ClInclude>
    <ClInclude Include="Framework\Game.h">
      <Filter>Framework</Filter>
    </ClInclude>
    <ClInclude Include="Framework\Object.h">
      <Filter>Framework</Filter>
    </ClInclude>
    <ClInclude Include="Framework\Scene.h">
      <Filter>Framework</Filter>
    </ClInclude>
    <ClInclude Include="Input\Input.h">
      <Filter>Input</Filter>
    </ClInclude>
    <ClInclude Include="Resources\Resource.h">
      <Filter>Resources</Filter>
    </ClInclude>
    <ClInclude Include="Resources\ResourceManager.h">
      <Filter>Resources</Filter>
    </ClInclude>
    <ClInclude Include="Components\PhysicsComponent.h">
      <Filter>Components</Filter>
    </ClInclude>
    <ClInclude Include="Components\SpriteRendererComponent.h">
      <Filter>Components</Filter>
    </ClInclude>
    <ClInclude Include="Components\SpriteAnimationRendererComponent.h">
      <Filter>Components</Filter>
    </ClInclude>
    <ClInclude Include="Components\RigidBodyPhysicsComponent.h">
      <Filter>Components</Filter>
    </ClInclude>
    <ClInclude Include="Physics\PhysicsBody.h">
      <Filter>Physics</Filter>
    </ClInclude>
    <ClInclude Include="Components\Box2DPhysicsComponent.h">
      <Filter>Components</Filter>
    </ClInclude>
    <ClInclude Include="Renderer\Tilemap.h">
      <Filter>Renderer</Filter>
    </ClInclude>
    <ClInclude Include="Components\SpriteAnimatorRendererComponent.h">
      <Filter>Components</Filter>
    </ClInclude>
    <ClInclude Include="Components\TilemapRendererComponent.h">
      <Filter>Components</Filter>
    </ClInclude>
  </ItemGroup>
  <ItemGroup>
    <ClCompile Include="Engine.cpp">
      <Filter>Source Files</Filter>
    </ClCompile>
    <ClCompile Include="pch.cpp">
      <Filter>Source Files</Filter>
    </ClCompile>
    <ClCompile Include="Components\CircleColliderComponent.cpp">
      <Filter>Components</Filter>
    </ClCompile>
    <ClCompile Include="Components\SpriteRendererComponent.cpp">
      <Filter>Components</Filter>
    </ClCompile>
    <ClCompile Include="Renderer\TextureFrames.cpp">
      <Filter>Renderer</Filter>
    </ClCompile>
    <ClCompile Include="Physics\Physics.cpp">
      <Filter>Physics</Filter>
    </ClCompile>
    <ClCompile Include="Serialization\Json.cpp">
      <Filter>Serialization</Filter>
    </ClCompile>
    <ClCompile Include="Renderer\Renderer.cpp">
      <Filter>Renderer</Filter>
    </ClCompile>
    <ClCompile Include="Renderer\Font.cpp">
      <Filter>Renderer</Filter>
    </ClCompile>
    <ClCompile Include="Renderer\Mesh.cpp">
      <Filter>Renderer</Filter>
    </ClCompile>
    <ClCompile Include="Renderer\Model.cpp">
      <Filter>Renderer</Filter>
    </ClCompile>
    <ClCompile Include="Renderer\ParticleSystem.cpp">
      <Filter>Renderer</Filter>
    </ClCompile>
    <ClCompile Include="Renderer\Text.cpp">
      <Filter>Renderer</Filter>
    </ClCompile>
    <ClCompile Include="Renderer\Texture.cpp">
      <Filter>Renderer</Filter>
    </ClCompile>
    <ClCompile Include="Audio\Audio.cpp">
      <Filter>Audio</Filter>
    </ClCompile>
    <ClCompile Include="Core\File.cpp">
      <Filter>Core</Filter>
    </ClCompile>
    <ClCompile Include="Core\GameTime.cpp">
      <Filter>Core</Filter>
    </ClCompile>
    <ClCompile Include="Framework\Actor.cpp">
      <Filter>Framework</Filter>
    </ClCompile>
    <ClCompile Include="Framework\Game.cpp">
      <Filter>Framework</Filter>
    </ClCompile>
    <ClCompile Include="Framework\Scene.cpp">
      <Filter>Framework</Filter>
    </ClCompile>
    <ClCompile Include="Input\Input.cpp">
      <Filter>Input</Filter>
    </ClCompile>
    <ClCompile Include="Components\PhysicsComponent.cpp">
      <Filter>Components</Filter>
    </ClCompile>
    <ClCompile Include="Components\SpriteAnimationRendererComponent.cpp">
      <Filter>Components</Filter>
    </ClCompile>
    <ClCompile Include="Components\RigidBodyPhysicsComponent.cpp">
      <Filter>Components</Filter>
    </ClCompile>
    <ClCompile Include="Physics\PhysicsBody.cpp">
      <Filter>Physics</Filter>
    </ClCompile>
    <ClCompile Include="Components\SpriteAnimatorRendererComponent.cpp">
      <Filter>Components</Filter>
    </ClCompile>
    <ClCompile Include="Components\TilemapRendererComponent.cpp">
      <Filter>Components</Filter>
    </ClCompile>
    <ClCompile Include="Components\Box2DPhysicsComponent.cpp">
      <Filter>Components</Filter>
    </ClCompile>
    <ClCompile Include="Renderer\Tilemap.cpp">
      <Filter>Renderer</Filter>
    </ClCompile>
  </ItemGroup>
  <ItemGroup>
    <None Include="ClassDiagram.cd" />
  </ItemGroup>
</Project>